// !$*UTF8*$!
{
	archiveVersion = 1;
	classes = {
	};
	objectVersion = 55;
	objects = {

/* Begin PBXBuildFile section */
		A5839E0927EB067C0066705B /* CXSPlayerManager.m in Sources */ = {isa = PBXBuildFile; fileRef = A5839E0827EB067C0066705B /* CXSPlayerManager.m */; };
		A5839E0E27EB3D320066705B /* test.mp3 in Resources */ = {isa = PBXBuildFile; fileRef = A5839E0D27EB3D320066705B /* test.mp3 */; };
		A5E9459D27E1DEBD008B1E25 /* AVPlayerManager.m in Sources */ = {isa = PBXBuildFile; fileRef = A5E9459C27E1DEBD008B1E25 /* AVPlayerManager.m */; };
		A5E95C1B27E0802B008B1E25 /* AppDelegate.m in Sources */ = {isa = PBXBuildFile; fileRef = A5E95C1A27E0802B008B1E25 /* AppDelegate.m */; };
		A5E95C1E27E0802B008B1E25 /* SceneDelegate.m in Sources */ = {isa = PBXBuildFile; fileRef = A5E95C1D27E0802B008B1E25 /* SceneDelegate.m */; };
		A5E95C2127E0802B008B1E25 /* ViewController.m in Sources */ = {isa = PBXBuildFile; fileRef = A5E95C2027E0802B008B1E25 /* ViewController.m */; };
		A5E95C2427E0802B008B1E25 /* Main.storyboard in Resources */ = {isa = PBXBuildFile; fileRef = A5E95C2227E0802B008B1E25 /* Main.storyboard */; };
		A5E95C2727E0802B008B1E25 /* CXSMusicPlayer.xcdatamodeld in Sources */ = {isa = PBXBuildFile; fileRef = A5E95C2527E0802B008B1E25 /* CXSMusicPlayer.xcdatamodeld */; };
		A5E95C2927E0802D008B1E25 /* Assets.xcassets in Resources */ = {isa = PBXBuildFile; fileRef = A5E95C2827E0802D008B1E25 /* Assets.xcassets */; };
		A5E95C2C27E0802D008B1E25 /* LaunchScreen.storyboard in Resources */ = {isa = PBXBuildFile; fileRef = A5E95C2A27E0802D008B1E25 /* LaunchScreen.storyboard */; };
		A5E95C2F27E0802D008B1E25 /* main.m in Sources */ = {isa = PBXBuildFile; fileRef = A5E95C2E27E0802D008B1E25 /* main.m */; };
		A5E95C3927E0802D008B1E25 /* CXSMusicPlayerTests.m in Sources */ = {isa = PBXBuildFile; fileRef = A5E95C3827E0802D008B1E25 /* CXSMusicPlayerTests.m */; };
		A5E95C4327E0802D008B1E25 /* CXSMusicPlayerUITests.m in Sources */ = {isa = PBXBuildFile; fileRef = A5E95C4227E0802D008B1E25 /* CXSMusicPlayerUITests.m */; };
		A5E95C4527E0802D008B1E25 /* CXSMusicPlayerUITestsLaunchTests.m in Sources */ = {isa = PBXBuildFile; fileRef = A5E95C4427E0802D008B1E25 /* CXSMusicPlayerUITestsLaunchTests.m */; };
		A5E95C5327E0817E008B1E25 /* CXSTabBarController.m in Sources */ = {isa = PBXBuildFile; fileRef = A5E95C5227E0817E008B1E25 /* CXSTabBarController.m */; };
		A5E95C5627E08497008B1E25 /* CXSTabBar.m in Sources */ = {isa = PBXBuildFile; fileRef = A5E95C5527E08497008B1E25 /* CXSTabBar.m */; };
		A5EBE02127E9F2EB0013585C /* CXSPlayerViewController.m in Sources */ = {isa = PBXBuildFile; fileRef = A5EBE02027E9F2EB0013585C /* CXSPlayerViewController.m */; };
/* End PBXBuildFile section */

/* Begin PBXContainerItemProxy section */
		A5E95C3527E0802D008B1E25 /* PBXContainerItemProxy */ = {
			isa = PBXContainerItemProxy;
			containerPortal = A5E95C0E27E0802B008B1E25 /* Project object */;
			proxyType = 1;
			remoteGlobalIDString = A5E95C1527E0802B008B1E25;
			remoteInfo = CXSMusicPlayer;
		};
		A5E95C3F27E0802D008B1E25 /* PBXContainerItemProxy */ = {
			isa = PBXContainerItemProxy;
			containerPortal = A5E95C0E27E0802B008B1E25 /* Project object */;
			proxyType = 1;
			remoteGlobalIDString = A5E95C1527E0802B008B1E25;
			remoteInfo = CXSMusicPlayer;
		};
/* End PBXContainerItemProxy section */

/* Begin PBXFileReference section */
		A5839E0727EB067C0066705B /* CXSPlayerManager.h */ = {isa = PBXFileReference; lastKnownFileType = sourcecode.c.h; path = CXSPlayerManager.h; sourceTree = "<group>"; };
		A5839E0827EB067C0066705B /* CXSPlayerManager.m */ = {isa = PBXFileReference; lastKnownFileType = sourcecode.c.objc; path = CXSPlayerManager.m; sourceTree = "<group>"; };
		A5839E0D27EB3D320066705B /* test.mp3 */ = {isa = PBXFileReference; lastKnownFileType = audio.mp3; path = test.mp3; sourceTree = "<group>"; };
		A5E9459B27E1DEBD008B1E25 /* AVPlayerManager.h */ = {isa = PBXFileReference; lastKnownFileType = sourcecode.c.h; path = AVPlayerManager.h; sourceTree = "<group>"; };
		A5E9459C27E1DEBD008B1E25 /* AVPlayerManager.m */ = {isa = PBXFileReference; lastKnownFileType = sourcecode.c.objc; path = AVPlayerManager.m; sourceTree = "<group>"; };
		A5E95C1627E0802B008B1E25 /* CXSMusicPlayer.app */ = {isa = PBXFileReference; explicitFileType = wrapper.application; includeInIndex = 0; path = CXSMusicPlayer.app; sourceTree = BUILT_PRODUCTS_DIR; };
		A5E95C1927E0802B008B1E25 /* AppDelegate.h */ = {isa = PBXFileReference; lastKnownFileType = sourcecode.c.h; path = AppDelegate.h; sourceTree = "<group>"; };
		A5E95C1A27E0802B008B1E25 /* AppDelegate.m */ = {isa = PBXFileReference; lastKnownFileType = sourcecode.c.objc; path = AppDelegate.m; sourceTree = "<group>"; };
		A5E95C1C27E0802B008B1E25 /* SceneDelegate.h */ = {isa = PBXFileReference; lastKnownFileType = sourcecode.c.h; path = SceneDelegate.h; sourceTree = "<group>"; };
		A5E95C1D27E0802B008B1E25 /* SceneDelegate.m */ = {isa = PBXFileReference; lastKnownFileType = sourcecode.c.objc; path = SceneDelegate.m; sourceTree = "<group>"; };
		A5E95C1F27E0802B008B1E25 /* ViewController.h */ = {isa = PBXFileReference; lastKnownFileType = sourcecode.c.h; path = ViewController.h; sourceTree = "<group>"; };
		A5E95C2027E0802B008B1E25 /* ViewController.m */ = {isa = PBXFileReference; lastKnownFileType = sourcecode.c.objc; path = ViewController.m; sourceTree = "<group>"; };
		A5E95C2327E0802B008B1E25 /* Base */ = {isa = PBXFileReference; lastKnownFileType = file.storyboard; name = Base; path = Base.lproj/Main.storyboard; sourceTree = "<group>"; };
		A5E95C2627E0802B008B1E25 /* CXSMusicPlayer.xcdatamodel */ = {isa = PBXFileReference; lastKnownFileType = wrapper.xcdatamodel; path = CXSMusicPlayer.xcdatamodel; sourceTree = "<group>"; };
		A5E95C2827E0802D008B1E25 /* Assets.xcassets */ = {isa = PBXFileReference; lastKnownFileType = folder.assetcatalog; path = Assets.xcassets; sourceTree = "<group>"; };
		A5E95C2B27E0802D008B1E25 /* Base */ = {isa = PBXFileReference; lastKnownFileType = file.storyboard; name = Base; path = Base.lproj/LaunchScreen.storyboard; sourceTree = "<group>"; };
		A5E95C2D27E0802D008B1E25 /* Info.plist */ = {isa = PBXFileReference; lastKnownFileType = text.plist.xml; path = Info.plist; sourceTree = "<group>"; };
		A5E95C2E27E0802D008B1E25 /* main.m */ = {isa = PBXFileReference; lastKnownFileType = sourcecode.c.objc; path = main.m; sourceTree = "<group>"; };
		A5E95C3427E0802D008B1E25 /* CXSMusicPlayerTests.xctest */ = {isa = PBXFileReference; explicitFileType = wrapper.cfbundle; includeInIndex = 0; path = CXSMusicPlayerTests.xctest; sourceTree = BUILT_PRODUCTS_DIR; };
		A5E95C3827E0802D008B1E25 /* CXSMusicPlayerTests.m */ = {isa = PBXFileReference; lastKnownFileType = sourcecode.c.objc; path = CXSMusicPlayerTests.m; sourceTree = "<group>"; };
		A5E95C3E27E0802D008B1E25 /* CXSMusicPlayerUITests.xctest */ = {isa = PBXFileReference; explicitFileType = wrapper.cfbundle; includeInIndex = 0; path = CXSMusicPlayerUITests.xctest; sourceTree = BUILT_PRODUCTS_DIR; };
		A5E95C4227E0802D008B1E25 /* CXSMusicPlayerUITests.m */ = {isa = PBXFileReference; lastKnownFileType = sourcecode.c.objc; path = CXSMusicPlayerUITests.m; sourceTree = "<group>"; };
		A5E95C4427E0802D008B1E25 /* CXSMusicPlayerUITestsLaunchTests.m */ = {isa = PBXFileReference; lastKnownFileType = sourcecode.c.objc; path = CXSMusicPlayerUITestsLaunchTests.m; sourceTree = "<group>"; };
		A5E95C5127E0817E008B1E25 /* CXSTabBarController.h */ = {isa = PBXFileReference; lastKnownFileType = sourcecode.c.h; path = CXSTabBarController.h; sourceTree = "<group>"; };
		A5E95C5227E0817E008B1E25 /* CXSTabBarController.m */ = {isa = PBXFileReference; lastKnownFileType = sourcecode.c.objc; path = CXSTabBarController.m; sourceTree = "<group>"; };
		A5E95C5427E08497008B1E25 /* CXSTabBar.h */ = {isa = PBXFileReference; lastKnownFileType = sourcecode.c.h; path = CXSTabBar.h; sourceTree = "<group>"; };
		A5E95C5527E08497008B1E25 /* CXSTabBar.m */ = {isa = PBXFileReference; lastKnownFileType = sourcecode.c.objc; path = CXSTabBar.m; sourceTree = "<group>"; };
		A5EBE01F27E9F2EB0013585C /* CXSPlayerViewController.h */ = {isa = PBXFileReference; lastKnownFileType = sourcecode.c.h; path = CXSPlayerViewController.h; sourceTree = "<group>"; };
		A5EBE02027E9F2EB0013585C /* CXSPlayerViewController.m */ = {isa = PBXFileReference; lastKnownFileType = sourcecode.c.objc; path = CXSPlayerViewController.m; sourceTree = "<group>"; };
/* End PBXFileReference section */

/* Begin PBXFrameworksBuildPhase section */
		A5E95C1327E0802B008B1E25 /* Frameworks */ = {
			isa = PBXFrameworksBuildPhase;
			buildActionMask = 2147483647;
			files = (
			);
			runOnlyForDeploymentPostprocessing = 0;
		};
		A5E95C3127E0802D008B1E25 /* Frameworks */ = {
			isa = PBXFrameworksBuildPhase;
			buildActionMask = 2147483647;
			files = (
			);
			runOnlyForDeploymentPostprocessing = 0;
		};
		A5E95C3B27E0802D008B1E25 /* Frameworks */ = {
			isa = PBXFrameworksBuildPhase;
			buildActionMask = 2147483647;
			files = (
			);
			runOnlyForDeploymentPostprocessing = 0;
		};
/* End PBXFrameworksBuildPhase section */

/* Begin PBXGroup section */
		A5839E0A27EB391A0066705B /* resource */ = {
			isa = PBXGroup;
			children = (
				A5839E0D27EB3D320066705B /* test.mp3 */,
			);
			path = resource;
			sourceTree = "<group>";
		};
		A5E95C0D27E0802B008B1E25 = {
			isa = PBXGroup;
			children = (
				A5E95C1827E0802B008B1E25 /* CXSMusicPlayer */,
				A5E95C3727E0802D008B1E25 /* CXSMusicPlayerTests */,
				A5E95C4127E0802D008B1E25 /* CXSMusicPlayerUITests */,
				A5E95C1727E0802B008B1E25 /* Products */,
			);
			sourceTree = "<group>";
		};
		A5E95C1727E0802B008B1E25 /* Products */ = {
			isa = PBXGroup;
			children = (
				A5E95C1627E0802B008B1E25 /* CXSMusicPlayer.app */,
				A5E95C3427E0802D008B1E25 /* CXSMusicPlayerTests.xctest */,
				A5E95C3E27E0802D008B1E25 /* CXSMusicPlayerUITests.xctest */,
			);
			name = Products;
			sourceTree = "<group>";
		};
		A5E95C1827E0802B008B1E25 /* CXSMusicPlayer */ = {
			isa = PBXGroup;
			children = (
				A5E95C1927E0802B008B1E25 /* AppDelegate.h */,
				A5E95C1A27E0802B008B1E25 /* AppDelegate.m */,
				A5E95C1C27E0802B008B1E25 /* SceneDelegate.h */,
				A5E95C1D27E0802B008B1E25 /* SceneDelegate.m */,
				A5E95C1F27E0802B008B1E25 /* ViewController.h */,
				A5E95C2027E0802B008B1E25 /* ViewController.m */,
				A5EBE01E27E9F2C20013585C /* CXSPlayer */,
				A5E95C5727E0849D008B1E25 /* CXSTabBar */,
				A5E95C2227E0802B008B1E25 /* Main.storyboard */,
				A5E95C2827E0802D008B1E25 /* Assets.xcassets */,
				A5E95C2A27E0802D008B1E25 /* LaunchScreen.storyboard */,
				A5E95C2D27E0802D008B1E25 /* Info.plist */,
				A5E95C2E27E0802D008B1E25 /* main.m */,
				A5839E0A27EB391A0066705B /* resource */,
				A5E95C2527E0802B008B1E25 /* CXSMusicPlayer.xcdatamodeld */,
				A5E9459B27E1DEBD008B1E25 /* AVPlayerManager.h */,
				A5E9459C27E1DEBD008B1E25 /* AVPlayerManager.m */,
			);
			path = CXSMusicPlayer;
			sourceTree = "<group>";
		};
		A5E95C3727E0802D008B1E25 /* CXSMusicPlayerTests */ = {
			isa = PBXGroup;
			children = (
				A5E95C3827E0802D008B1E25 /* CXSMusicPlayerTests.m */,
			);
			path = CXSMusicPlayerTests;
			sourceTree = "<group>";
		};
		A5E95C4127E0802D008B1E25 /* CXSMusicPlayerUITests */ = {
			isa = PBXGroup;
			children = (
				A5E95C4227E0802D008B1E25 /* CXSMusicPlayerUITests.m */,
				A5E95C4427E0802D008B1E25 /* CXSMusicPlayerUITestsLaunchTests.m */,
			);
			path = CXSMusicPlayerUITests;
			sourceTree = "<group>";
		};
		A5E95C5727E0849D008B1E25 /* CXSTabBar */ = {
			isa = PBXGroup;
			children = (
				A5E95C5127E0817E008B1E25 /* CXSTabBarController.h */,
				A5E95C5227E0817E008B1E25 /* CXSTabBarController.m */,
				A5E95C5427E08497008B1E25 /* CXSTabBar.h */,
				A5E95C5527E08497008B1E25 /* CXSTabBar.m */,
			);
			path = CXSTabBar;
			sourceTree = "<group>";
		};
		A5EBE01E27E9F2C20013585C /* CXSPlayer */ = {
			isa = PBXGroup;
			children = (
				A5EBE01F27E9F2EB0013585C /* CXSPlayerViewController.h */,
				A5EBE02027E9F2EB0013585C /* CXSPlayerViewController.m */,
				A5839E0727EB067C0066705B /* CXSPlayerManager.h */,
				A5839E0827EB067C0066705B /* CXSPlayerManager.m */,
			);
			path = CXSPlayer;
			sourceTree = "<group>";
		};
/* End PBXGroup section */

/* Begin PBXNativeTarget section */
		A5E95C1527E0802B008B1E25 /* CXSMusicPlayer */ = {
			isa = PBXNativeTarget;
			buildConfigurationList = A5E95C4827E0802D008B1E25 /* Build configuration list for PBXNativeTarget "CXSMusicPlayer" */;
			buildPhases = (
				A5E95C1227E0802B008B1E25 /* Sources */,
				A5E95C1327E0802B008B1E25 /* Frameworks */,
				A5E95C1427E0802B008B1E25 /* Resources */,
			);
			buildRules = (
			);
			dependencies = (
			);
			name = CXSMusicPlayer;
			productName = CXSMusicPlayer;
			productReference = A5E95C1627E0802B008B1E25 /* CXSMusicPlayer.app */;
			productType = "com.apple.product-type.application";
		};
		A5E95C3327E0802D008B1E25 /* CXSMusicPlayerTests */ = {
			isa = PBXNativeTarget;
			buildConfigurationList = A5E95C4B27E0802D008B1E25 /* Build configuration list for PBXNativeTarget "CXSMusicPlayerTests" */;
			buildPhases = (
				A5E95C3027E0802D008B1E25 /* Sources */,
				A5E95C3127E0802D008B1E25 /* Frameworks */,
				A5E95C3227E0802D008B1E25 /* Resources */,
			);
			buildRules = (
			);
			dependencies = (
				A5E95C3627E0802D008B1E25 /* PBXTargetDependency */,
			);
			name = CXSMusicPlayerTests;
			productName = CXSMusicPlayerTests;
			productReference = A5E95C3427E0802D008B1E25 /* CXSMusicPlayerTests.xctest */;
			productType = "com.apple.product-type.bundle.unit-test";
		};
		A5E95C3D27E0802D008B1E25 /* CXSMusicPlayerUITests */ = {
			isa = PBXNativeTarget;
			buildConfigurationList = A5E95C4E27E0802D008B1E25 /* Build configuration list for PBXNativeTarget "CXSMusicPlayerUITests" */;
			buildPhases = (
				A5E95C3A27E0802D008B1E25 /* Sources */,
				A5E95C3B27E0802D008B1E25 /* Frameworks */,
				A5E95C3C27E0802D008B1E25 /* Resources */,
			);
			buildRules = (
			);
			dependencies = (
				A5E95C4027E0802D008B1E25 /* PBXTargetDependency */,
			);
			name = CXSMusicPlayerUITests;
			productName = CXSMusicPlayerUITests;
			productReference = A5E95C3E27E0802D008B1E25 /* CXSMusicPlayerUITests.xctest */;
			productType = "com.apple.product-type.bundle.ui-testing";
		};
/* End PBXNativeTarget section */

/* Begin PBXProject section */
		A5E95C0E27E0802B008B1E25 /* Project object */ = {
			isa = PBXProject;
			attributes = {
				BuildIndependentTargetsInParallel = 1;
				LastUpgradeCheck = 1320;
				TargetAttributes = {
					A5E95C1527E0802B008B1E25 = {
						CreatedOnToolsVersion = 13.2.1;
					};
					A5E95C3327E0802D008B1E25 = {
						CreatedOnToolsVersion = 13.2.1;
						TestTargetID = A5E95C1527E0802B008B1E25;
					};
					A5E95C3D27E0802D008B1E25 = {
						CreatedOnToolsVersion = 13.2.1;
						TestTargetID = A5E95C1527E0802B008B1E25;
					};
				};
			};
			buildConfigurationList = A5E95C1127E0802B008B1E25 /* Build configuration list for PBXProject "CXSMusicPlayer" */;
			compatibilityVersion = "Xcode 13.0";
			developmentRegion = en;
			hasScannedForEncodings = 0;
			knownRegions = (
				en,
				Base,
			);
			mainGroup = A5E95C0D27E0802B008B1E25;
			productRefGroup = A5E95C1727E0802B008B1E25 /* Products */;
			projectDirPath = "";
			projectRoot = "";
			targets = (
				A5E95C1527E0802B008B1E25 /* CXSMusicPlayer */,
				A5E95C3327E0802D008B1E25 /* CXSMusicPlayerTests */,
				A5E95C3D27E0802D008B1E25 /* CXSMusicPlayerUITests */,
			);
		};
/* End PBXProject section */

/* Begin PBXResourcesBuildPhase section */
		A5E95C1427E0802B008B1E25 /* Resources */ = {
			isa = PBXResourcesBuildPhase;
			buildActionMask = 2147483647;
			files = (
				A5E95C2C27E0802D008B1E25 /* LaunchScreen.storyboard in Resources */,
				A5E95C2927E0802D008B1E25 /* Assets.xcassets in Resources */,
				A5839E0E27EB3D320066705B /* test.mp3 in Resources */,
				A5E95C2427E0802B008B1E25 /* Main.storyboard in Resources */,
			);
			runOnlyForDeploymentPostprocessing = 0;
		};
		A5E95C3227E0802D008B1E25 /* Resources */ = {
			isa = PBXResourcesBuildPhase;
			buildActionMask = 2147483647;
			files = (
			);
			runOnlyForDeploymentPostprocessing = 0;
		};
		A5E95C3C27E0802D008B1E25 /* Resources */ = {
			isa = PBXResourcesBuildPhase;
			buildActionMask = 2147483647;
			files = (
			);
			runOnlyForDeploymentPostprocessing = 0;
		};
/* End PBXResourcesBuildPhase section */

/* Begin PBXSourcesBuildPhase section */
		A5E95C1227E0802B008B1E25 /* Sources */ = {
			isa = PBXSourcesBuildPhase;
			buildActionMask = 2147483647;
			files = (
				A5E95C2F27E0802D008B1E25 /* main.m in Sources */,
				A5E95C2127E0802B008B1E25 /* ViewController.m in Sources */,
				A5E95C1B27E0802B008B1E25 /* AppDelegate.m in Sources */,
				A5E9459D27E1DEBD008B1E25 /* AVPlayerManager.m in Sources */,
				A5E95C1E27E0802B008B1E25 /* SceneDelegate.m in Sources */,
				A5E95C5627E08497008B1E25 /* CXSTabBar.m in Sources */,
				A5EBE02127E9F2EB0013585C /* CXSPlayerViewController.m in Sources */,
				A5E95C5327E0817E008B1E25 /* CXSTabBarController.m in Sources */,
				A5E95C2727E0802B008B1E25 /* CXSMusicPlayer.xcdatamodeld in Sources */,
				A5839E0927EB067C0066705B /* CXSPlayerManager.m in Sources */,
			);
			runOnlyForDeploymentPostprocessing = 0;
		};
		A5E95C3027E0802D008B1E25 /* Sources */ = {
			isa = PBXSourcesBuildPhase;
			buildActionMask = 2147483647;
			files = (
				A5E95C3927E0802D008B1E25 /* CXSMusicPlayerTests.m in Sources */,
			);
			runOnlyForDeploymentPostprocessing = 0;
		};
		A5E95C3A27E0802D008B1E25 /* Sources */ = {
			isa = PBXSourcesBuildPhase;
			buildActionMask = 2147483647;
			files = (
				A5E95C4527E0802D008B1E25 /* CXSMusicPlayerUITestsLaunchTests.m in Sources */,
				A5E95C4327E0802D008B1E25 /* CXSMusicPlayerUITests.m in Sources */,
			);
			runOnlyForDeploymentPostprocessing = 0;
		};
/* End PBXSourcesBuildPhase section */

/* Begin PBXTargetDependency section */
		A5E95C3627E0802D008B1E25 /* PBXTargetDependency */ = {
			isa = PBXTargetDependency;
			target = A5E95C1527E0802B008B1E25 /* CXSMusicPlayer */;
			targetProxy = A5E95C3527E0802D008B1E25 /* PBXContainerItemProxy */;
		};
		A5E95C4027E0802D008B1E25 /* PBXTargetDependency */ = {
			isa = PBXTargetDependency;
			target = A5E95C1527E0802B008B1E25 /* CXSMusicPlayer */;
			targetProxy = A5E95C3F27E0802D008B1E25 /* PBXContainerItemProxy */;
		};
/* End PBXTargetDependency section */

/* Begin PBXVariantGroup section */
		A5E95C2227E0802B008B1E25 /* Main.storyboard */ = {
			isa = PBXVariantGroup;
			children = (
				A5E95C2327E0802B008B1E25 /* Base */,
			);
			name = Main.storyboard;
			sourceTree = "<group>";
		};
		A5E95C2A27E0802D008B1E25 /* LaunchScreen.storyboard */ = {
			isa = PBXVariantGroup;
			children = (
				A5E95C2B27E0802D008B1E25 /* Base */,
			);
			name = LaunchScreen.storyboard;
			sourceTree = "<group>";
		};
/* End PBXVariantGroup section */

/* Begin XCBuildConfiguration section */
		A5E95C4627E0802D008B1E25 /* Debug */ = {
			isa = XCBuildConfiguration;
			buildSettings = {
				ALWAYS_SEARCH_USER_PATHS = NO;
				CLANG_ANALYZER_NONNULL = YES;
				CLANG_ANALYZER_NUMBER_OBJECT_CONVERSION = YES_AGGRESSIVE;
				CLANG_CXX_LANGUAGE_STANDARD = "gnu++17";
				CLANG_CXX_LIBRARY = "libc++";
				CLANG_ENABLE_MODULES = YES;
				CLANG_ENABLE_OBJC_ARC = YES;
				CLANG_ENABLE_OBJC_WEAK = YES;
				CLANG_WARN_BLOCK_CAPTURE_AUTORELEASING = YES;
				CLANG_WARN_BOOL_CONVERSION = YES;
				CLANG_WARN_COMMA = YES;
				CLANG_WARN_CONSTANT_CONVERSION = YES;
				CLANG_WARN_DEPRECATED_OBJC_IMPLEMENTATIONS = YES;
				CLANG_WARN_DIRECT_OBJC_ISA_USAGE = YES_ERROR;
				CLANG_WARN_DOCUMENTATION_COMMENTS = YES;
				CLANG_WARN_EMPTY_BODY = YES;
				CLANG_WARN_ENUM_CONVERSION = YES;
				CLANG_WARN_INFINITE_RECURSION = YES;
				CLANG_WARN_INT_CONVERSION = YES;
				CLANG_WARN_NON_LITERAL_NULL_CONVERSION = YES;
				CLANG_WARN_OBJC_IMPLICIT_RETAIN_SELF = YES;
				CLANG_WARN_OBJC_LITERAL_CONVERSION = YES;
				CLANG_WARN_OBJC_ROOT_CLASS = YES_ERROR;
				CLANG_WARN_QUOTED_INCLUDE_IN_FRAMEWORK_HEADER = YES;
				CLANG_WARN_RANGE_LOOP_ANALYSIS = YES;
				CLANG_WARN_STRICT_PROTOTYPES = YES;
				CLANG_WARN_SUSPICIOUS_MOVE = YES;
				CLANG_WARN_UNGUARDED_AVAILABILITY = YES_AGGRESSIVE;
				CLANG_WARN_UNREACHABLE_CODE = YES;
				CLANG_WARN__DUPLICATE_METHOD_MATCH = YES;
				COPY_PHASE_STRIP = NO;
				DEBUG_INFORMATION_FORMAT = dwarf;
				ENABLE_STRICT_OBJC_MSGSEND = YES;
				ENABLE_TESTABILITY = YES;
				GCC_C_LANGUAGE_STANDARD = gnu11;
				GCC_DYNAMIC_NO_PIC = NO;
				GCC_NO_COMMON_BLOCKS = YES;
				GCC_OPTIMIZATION_LEVEL = 0;
				GCC_PREPROCESSOR_DEFINITIONS = (
					"DEBUG=1",
					"$(inherited)",
				);
				GCC_WARN_64_TO_32_BIT_CONVERSION = YES;
				GCC_WARN_ABOUT_RETURN_TYPE = YES_ERROR;
				GCC_WARN_UNDECLARED_SELECTOR = YES;
				GCC_WARN_UNINITIALIZED_AUTOS = YES_AGGRESSIVE;
				GCC_WARN_UNUSED_FUNCTION = YES;
				GCC_WARN_UNUSED_VARIABLE = YES;
				IPHONEOS_DEPLOYMENT_TARGET = 15.2;
				MTL_ENABLE_DEBUG_INFO = INCLUDE_SOURCE;
				MTL_FAST_MATH = YES;
				ONLY_ACTIVE_ARCH = YES;
				SDKROOT = iphoneos;
			};
			name = Debug;
		};
		A5E95C4727E0802D008B1E25 /* Release */ = {
			isa = XCBuildConfiguration;
			buildSettings = {
				ALWAYS_SEARCH_USER_PATHS = NO;
				CLANG_ANALYZER_NONNULL = YES;
				CLANG_ANALYZER_NUMBER_OBJECT_CONVERSION = YES_AGGRESSIVE;
				CLANG_CXX_LANGUAGE_STANDARD = "gnu++17";
				CLANG_CXX_LIBRARY = "libc++";
				CLANG_ENABLE_MODULES = YES;
				CLANG_ENABLE_OBJC_ARC = YES;
				CLANG_ENABLE_OBJC_WEAK = YES;
				CLANG_WARN_BLOCK_CAPTURE_AUTORELEASING = YES;
				CLANG_WARN_BOOL_CONVERSION = YES;
				CLANG_WARN_COMMA = YES;
				CLANG_WARN_CONSTANT_CONVERSION = YES;
				CLANG_WARN_DEPRECATED_OBJC_IMPLEMENTATIONS = YES;
				CLANG_WARN_DIRECT_OBJC_ISA_USAGE = YES_ERROR;
				CLANG_WARN_DOCUMENTATION_COMMENTS = YES;
				CLANG_WARN_EMPTY_BODY = YES;
				CLANG_WARN_ENUM_CONVERSION = YES;
				CLANG_WARN_INFINITE_RECURSION = YES;
				CLANG_WARN_INT_CONVERSION = YES;
				CLANG_WARN_NON_LITERAL_NULL_CONVERSION = YES;
				CLANG_WARN_OBJC_IMPLICIT_RETAIN_SELF = YES;
				CLANG_WARN_OBJC_LITERAL_CONVERSION = YES;
				CLANG_WARN_OBJC_ROOT_CLASS = YES_ERROR;
				CLANG_WARN_QUOTED_INCLUDE_IN_FRAMEWORK_HEADER = YES;
				CLANG_WARN_RANGE_LOOP_ANALYSIS = YES;
				CLANG_WARN_STRICT_PROTOTYPES = YES;
				CLANG_WARN_SUSPICIOUS_MOVE = YES;
				CLANG_WARN_UNGUARDED_AVAILABILITY = YES_AGGRESSIVE;
				CLANG_WARN_UNREACHABLE_CODE = YES;
				CLANG_WARN__DUPLICATE_METHOD_MATCH = YES;
				COPY_PHASE_STRIP = NO;
				DEBUG_INFORMATION_FORMAT = "dwarf-with-dsym";
				ENABLE_NS_ASSERTIONS = NO;
				ENABLE_STRICT_OBJC_MSGSEND = YES;
				GCC_C_LANGUAGE_STANDARD = gnu11;
				GCC_NO_COMMON_BLOCKS = YES;
				GCC_WARN_64_TO_32_BIT_CONVERSION = YES;
				GCC_WARN_ABOUT_RETURN_TYPE = YES_ERROR;
				GCC_WARN_UNDECLARED_SELECTOR = YES;
				GCC_WARN_UNINITIALIZED_AUTOS = YES_AGGRESSIVE;
				GCC_WARN_UNUSED_FUNCTION = YES;
				GCC_WARN_UNUSED_VARIABLE = YES;
				IPHONEOS_DEPLOYMENT_TARGET = 15.2;
				MTL_ENABLE_DEBUG_INFO = NO;
				MTL_FAST_MATH = YES;
				SDKROOT = iphoneos;
				VALIDATE_PRODUCT = YES;
			};
			name = Release;
		};
		A5E95C4927E0802D008B1E25 /* Debug */ = {
			isa = XCBuildConfiguration;
			buildSettings = {
				ASSETCATALOG_COMPILER_APPICON_NAME = AppIcon;
				ASSETCATALOG_COMPILER_GLOBAL_ACCENT_COLOR_NAME = AccentColor;
				CODE_SIGN_STYLE = Automatic;
				CURRENT_PROJECT_VERSION = 1;
				GENERATE_INFOPLIST_FILE = YES;
				INFOPLIST_FILE = CXSMusicPlayer/Info.plist;
				INFOPLIST_KEY_UIApplicationSupportsIndirectInputEvents = YES;
				INFOPLIST_KEY_UILaunchStoryboardName = LaunchScreen;
				INFOPLIST_KEY_UIMainStoryboardFile = Main;
				INFOPLIST_KEY_UISupportedInterfaceOrientations_iPad = "UIInterfaceOrientationPortrait UIInterfaceOrientationPortraitUpsideDown UIInterfaceOrientationLandscapeLeft UIInterfaceOrientationLandscapeRight";
				INFOPLIST_KEY_UISupportedInterfaceOrientations_iPhone = "UIInterfaceOrientationPortrait UIInterfaceOrientationLandscapeLeft UIInterfaceOrientationLandscapeRight";
				LD_RUNPATH_SEARCH_PATHS = (
					"$(inherited)",
					"@executable_path/Frameworks",
				);
				MARKETING_VERSION = 1.0;
				PRODUCT_BUNDLE_IDENTIFIER = chenxinshaung.CXSMusicPlayer;
				PRODUCT_NAME = "$(TARGET_NAME)";
				SWIFT_EMIT_LOC_STRINGS = YES;
				TARGETED_DEVICE_FAMILY = "1,2";
			};
			name = Debug;
		};
		A5E95C4A27E0802D008B1E25 /* Release */ = {
			isa = XCBuildConfiguration;
			buildSettings = {
				ASSETCATALOG_COMPILER_APPICON_NAME = AppIcon;
				ASSETCATALOG_COMPILER_GLOBAL_ACCENT_COLOR_NAME = AccentColor;
				CODE_SIGN_STYLE = Automatic;
				CURRENT_PROJECT_VERSION = 1;
				GENERATE_INFOPLIST_FILE = YES;
				INFOPLIST_FILE = CXSMusicPlayer/Info.plist;
				INFOPLIST_KEY_UIApplicationSupportsIndirectInputEvents = YES;
				INFOPLIST_KEY_UILaunchStoryboardName = LaunchScreen;
				INFOPLIST_KEY_UIMainStoryboardFile = Main;
				INFOPLIST_KEY_UISupportedInterfaceOrientations_iPad = "UIInterfaceOrientationPortrait UIInterfaceOrientationPortraitUpsideDown UIInterfaceOrientationLandscapeLeft UIInterfaceOrientationLandscapeRight";
				INFOPLIST_KEY_UISupportedInterfaceOrientations_iPhone = "UIInterfaceOrientationPortrait UIInterfaceOrientationLandscapeLeft UIInterfaceOrientationLandscapeRight";
				LD_RUNPATH_SEARCH_PATHS = (
					"$(inherited)",
					"@executable_path/Frameworks",
				);
				MARKETING_VERSION = 1.0;
				PRODUCT_BUNDLE_IDENTIFIER = chenxinshaung.CXSMusicPlayer;
				PRODUCT_NAME = "$(TARGET_NAME)";
				SWIFT_EMIT_LOC_STRINGS = YES;
				TARGETED_DEVICE_FAMILY = "1,2";
			};
			name = Release;
		};
		A5E95C4C27E0802D008B1E25 /* Debug */ = {
			isa = XCBuildConfiguration;
			buildSettings = {
				BUNDLE_LOADER = "$(TEST_HOST)";
				CODE_SIGN_STYLE = Automatic;
				CURRENT_PROJECT_VERSION = 1;
				GENERATE_INFOPLIST_FILE = YES;
				IPHONEOS_DEPLOYMENT_TARGET = 15.2;
				MARKETING_VERSION = 1.0;
				PRODUCT_BUNDLE_IDENTIFIER = chenxinshaung.CXSMusicPlayerTests;
				PRODUCT_NAME = "$(TARGET_NAME)";
				SWIFT_EMIT_LOC_STRINGS = NO;
				TARGETED_DEVICE_FAMILY = "1,2";
				TEST_HOST = "$(BUILT_PRODUCTS_DIR)/CXSMusicPlayer.app/CXSMusicPlayer";
			};
			name = Debug;
		};
		A5E95C4D27E0802D008B1E25 /* Release */ = {
			isa = XCBuildConfiguration;
			buildSettings = {
				BUNDLE_LOADER = "$(TEST_HOST)";
				CODE_SIGN_STYLE = Automatic;
				CURRENT_PROJECT_VERSION = 1;
				GENERATE_INFOPLIST_FILE = YES;
				IPHONEOS_DEPLOYMENT_TARGET = 15.2;
				MARKETING_VERSION = 1.0;
				PRODUCT_BUNDLE_IDENTIFIER = chenxinshaung.CXSMusicPlayerTests;
				PRODUCT_NAME = "$(TARGET_NAME)";
				SWIFT_EMIT_LOC_STRINGS = NO;
				TARGETED_DEVICE_FAMILY = "1,2";
				TEST_HOST = "$(BUILT_PRODUCTS_DIR)/CXSMusicPlayer.app/CXSMusicPlayer";
			};
			name = Release;
		};
		A5E95C4F27E0802D008B1E25 /* Debug */ = {
			isa = XCBuildConfiguration;
			buildSettings = {
				CODE_SIGN_STYLE = Automatic;
				CURRENT_PROJECT_VERSION = 1;
				GENERATE_INFOPLIST_FILE = YES;
				MARKETING_VERSION = 1.0;
				PRODUCT_BUNDLE_IDENTIFIER = chenxinshaung.CXSMusicPlayerUITests;
				PRODUCT_NAME = "$(TARGET_NAME)";
				SWIFT_EMIT_LOC_STRINGS = NO;
				TARGETED_DEVICE_FAMILY = "1,2";
				TEST_TARGET_NAME = CXSMusicPlayer;
			};
			name = Debug;
		};
		A5E95C5027E0802D008B1E25 /* Release */ = {
			isa = XCBuildConfiguration;
			buildSettings = {
				CODE_SIGN_STYLE = Automatic;
				CURRENT_PROJECT_VERSION = 1;
				GENERATE_INFOPLIST_FILE = YES;
				MARKETING_VERSION = 1.0;
				PRODUCT_BUNDLE_IDENTIFIER = chenxinshaung.CXSMusicPlayerUITests;
				PRODUCT_NAME = "$(TARGET_NAME)";
				SWIFT_EMIT_LOC_STRINGS = NO;
				TARGETED_DEVICE_FAMILY = "1,2";
				TEST_TARGET_NAME = CXSMusicPlayer;
			};
			name = Release;
		};
/* End XCBuildConfiguration section */

/* Begin XCConfigurationList section */
		A5E95C1127E0802B008B1E25 /* Build configuration list for PBXProject "CXSMusicPlayer" */ = {
			isa = XCConfigurationList;
			buildConfigurations = (
				A5E95C4627E0802D008B1E25 /* Debug */,
				A5E95C4727E0802D008B1E25 /* Release */,
			);
			defaultConfigurationIsVisible = 0;
			defaultConfigurationName = Release;
		};
		A5E95C4827E0802D008B1E25 /* Build configuration list for PBXNativeTarget "CXSMusicPlayer" */ = {
			isa = XCConfigurationList;
			buildConfigurations = (
				A5E95C4927E0802D008B1E25 /* Debug */,
				A5E95C4A27E0802D008B1E25 /* Release */,
			);
			defaultConfigurationIsVisible = 0;
			defaultConfigurationName = Release;
		};
		A5E95C4B27E0802D008B1E25 /* Build configuration list for PBXNativeTarget "CXSMusicPlayerTests" */ = {
			isa = XCConfigurationList;
			buildConfigurations = (
				A5E95C4C27E0802D008B1E25 /* Debug */,
				A5E95C4D27E0802D008B1E25 /* Release */,
			);
			defaultConfigurationIsVisible = 0;
			defaultConfigurationName = Release;
		};
		A5E95C4E27E0802D008B1E25 /* Build configuration list for PBXNativeTarget "CXSMusicPlayerUITests" */ = {
			isa = XCConfigurationList;
			buildConfigurations = (
				A5E95C4F27E0802D008B1E25 /* Debug */,
				A5E95C5027E0802D008B1E25 /* Release */,
			);
			defaultConfigurationIsVisible = 0;
			defaultConfigurationName = Release;
		};
/* End XCConfigurationList section */

/* Begin XCVersionGroup section */
		A5E95C2527E0802B008B1E25 /* CXSMusicPlayer.xcdatamodeld */ = {
			isa = XCVersionGroup;
			children = (
				A5E95C2627E0802B008B1E25 /* CXSMusicPlayer.xcdatamodel */,
			);
			currentVersion = A5E95C2627E0802B008B1E25 /* CXSMusicPlayer.xcdatamodel */;
			path = CXSMusicPlayer.xcdatamodeld;
			sourceTree = "<group>";
			versionGroupType = wrapper.xcdatamodel;
		};
/* End XCVersionGroup section */
	};
	rootObject = A5E95C0E27E0802B008B1E25 /* Project object */;
}
